
Microsoft Visual Studio Solution File, Format Version 12.00
# Visual Studio Version 17
VisualStudioVersion = 17.7.34031.279
MinimumVisualStudioVersion = 10.0.40219.1
Project("{FAE04EC0-301F-11D3-BF4B-00C04F79EFBC}") = "AutoGarage", "AutoGarage\AutoGarage.csproj", "{B652F3DA-7AA8-49A2-97F0-838C481CE8E4}"
EndProject
Global
	GlobalSection(SolutionConfigurationPlatforms) = preSolution
		Debug|Any CPU = Debug|Any CPU
		Release|Any CPU = Release|Any CPU
	EndGlobalSection
	GlobalSection(ProjectConfigurationPlatforms) = postSolution
		{B652F3DA-7AA8-49A2-97F0-838C481CE8E4}.Debug|Any CPU.ActiveCfg = Debug|Any CPU
		{B652F3DA-7AA8-49A2-97F0-838C481CE8E4}.Debug|Any CPU.Build.0 = Debug|Any CPU
		{B652F3DA-7AA8-49A2-97F0-838C481CE8E4}.Release|Any CPU.ActiveCfg = Release|Any CPU
		{B652F3DA-7AA8-49A2-97F0-838C481CE8E4}.Release|Any CPU.Build.0 = Release|Any CPU
	EndGlobalSection
	GlobalSection(SolutionProperties) = preSolution
		HideSolutionNode = FALSE
	EndGlobalSection
	GlobalSection(ExtensibilityGlobals) = postSolution
		SolutionGuid = {2C0E1531-9743-402C-B03F-58FF98434C82}
	EndGlobalSection
EndGlobal
